
Microsoft Visual Studio Solution File, Format Version 11.00
# Visual Studio 2010
Project("{FAE04EC0-301F-11D3-BF4B-00C04F79EFBC}") = "Assembly-CSharp", "Assembly-CSharp.csproj", "{b5be18be-12a9-7329-bbd7-3b06a6d4c887}"
EndProject
Project("{FAE04EC0-301F-11D3-BF4B-00C04F79EFBC}") = "Assembly-CSharp-Editor", "Assembly-CSharp-Editor.csproj", "{90fdafa9-5293-1691-f4de-af3d4709f6af}"
EndProject
Global
	GlobalSection(SolutionConfigurationPlatforms) = preSolution
		Debug|Any CPU = Debug|Any CPU
	EndGlobalSection
	GlobalSection(ProjectConfigurationPlatforms) = postSolution
		{b5be18be-12a9-7329-bbd7-3b06a6d4c887}.Debug|Any CPU.ActiveCfg = Debug|Any CPU
		{b5be18be-12a9-7329-bbd7-3b06a6d4c887}.Debug|Any CPU.Build.0 = Debug|Any CPU
		{90fdafa9-5293-1691-f4de-af3d4709f6af}.Debug|Any CPU.ActiveCfg = Debug|Any CPU
		{90fdafa9-5293-1691-f4de-af3d4709f6af}.Debug|Any CPU.Build.0 = Debug|Any CPU
	EndGlobalSection
	GlobalSection(SolutionProperties) = preSolution
		HideSolutionNode = FALSE
	EndGlobalSection
EndGlobal
